<Solution>
  <Folder Name="/src/">
    <Project Path="src/Oficina.Api/Oficina.Api.csproj" />
    <Project Path="src/Oficina.BLL/Oficina.BLL.csproj" />
    <Project Path="src/Oficina.DAL/Oficina.DAL.csproj" />
    <Project Path="src/Oficina.Domain/Oficina.Domain.csproj" />
    <Project Path="src/Oficina.DTO/Oficina.DTO.csproj" />
  </Folder>
  <Folder Name="/tests/">
    <Project Path="tests/Oficina.Tests/Oficina.Tests.csproj" />
  </Folder>
</Solution>
